# This file is automatically @generated by Cargo.
# It is not intended for manual editing.
version = 4

[[package]]
name = "allocator"
version = "0.1.0"
dependencies = [
 "bit_field",
]

[[package]]
name = "array-macro"
version = "2.1.8"
source = "registry+https://github.com/rust-lang/crates.io-index"
checksum = "220a2c618ab466efe41d0eace94dfeff1c35e3aa47891bdb95e1c0fefffd3c99"

[[package]]
name = "bit_field"
version = "0.10.3"
source = "registry+https://github.com/rust-lang/crates.io-index"
checksum = "1e4b40c7323adcfc0a41c4b88143ed58346ff65a288fc144329c5c45e05d70c6"

[[package]]
name = "bitflags"
version = "2.13.1"
source = "registry+https://github.com/rust-lang/crates.io-index"
checksum = "b588b76d00fde79687d7646a9b5bdf3cc0f655e0bbd080335a95d7e96f3587da"

[[package]]
name = "kernel"
version = "0.1.0"
dependencies = [
 "allocator",
 "array-macro",
 "bit_field",
 "bitflags",
]
