# This file is automatically @generated by Cargo.
# It is not intended for manual editing.
[[package]]
name = "allocator"
version = "0.1.0"
dependencies = [
 "bit_field",
]

[[package]]
name = "bit_field"
version = "0.10.1"
source = "registry+https://github.com/rust-lang/crates.io-index"
checksum = "dcb6dd1c2376d2e096796e234a70e17e94cc2d5d54ff8ce42b28cef1d0d359a4"

[[package]]
name = "spin"
version = "0.7.1"
source = "registry+https://github.com/rust-lang/crates.io-index"
checksum = "13287b4da9d1207a4f4929ac390916d64eacfe236a487e9a9f5b3be392be5162"

[[package]]
name = "user"
version = "0.1.0"
dependencies = [
 "allocator",
 "spin",
]
